{
  "name": "my-earth",
  "version": "1.0.0",
  "lockfileVersion": 3,
  "requires": true,
  "packages": {
    "": {
      "name": "my-earth",
      "version": "1.0.0",
      "license": "ISC",
      "dependencies": {
        "@surbowl/world-geo-json-zh": "^2.1.2",
        "dat.gui": "^0.7.9",
        "three": "^0.156.1"
      }
    },
    "node_modules/@surbowl/world-geo-json-zh": {
      "version": "2.1.2",
      "resolved": "https://registry.npmjs.org/@surbowl/world-geo-json-zh/-/world-geo-json-zh-2.1.2.tgz",
      "integrity": "sha512-qWJB8F6Zv6irlnxZO243TSPb93z/fV/yqHXEaGRoB9mGlEYmrhENy5et1vq2gzuzC83uPwBb6fHpkMYX4OL5Pg=="
    },
    "node_modules/dat.gui": {
      "version": "0.7.9",
      "resolved": "https://registry.npmjs.org/dat.gui/-/dat.gui-0.7.9.tgz",
      "integrity": "sha512-sCNc1OHobc+Erc1HqiswYgHdVNpSJUlk/Hz8vzOCsER7rl+oF/4+v8GXFUyCgtXpoCX6+bnmg07DedLvBLwYKQ=="
    },
    "node_modules/three": {
      "version": "0.156.1",
      "resolved": "https://registry.npmjs.org/three/-/three-0.156.1.tgz",
      "integrity": "sha512-kP7H0FK9d/k6t/XvQ9FO6i+QrePoDcNhwl0I02+wmUJRNSLCUIDMcfObnzQvxb37/0Uc9TDT0T1HgsRRrO6SYQ=="
    }
  }
}
