lockfileVersion: '6.0'

dependencies:
  '@surbowl/world-geo-json-zh':
    specifier: ^2.1.2
    version: 2.1.2
  dat.gui:
    specifier: ^0.7.9
    version: 0.7.9
  three:
    specifier: ^0.161.0
    version: 0.161.0

devDependencies:
  '@weacast/grib2json':
    specifier: ^2.2.0
    version: 2.2.0

packages:

  /@surbowl/world-geo-json-zh@2.1.2:
    resolution: {integrity: sha512-qWJB8F6Zv6irlnxZO243TSPb93z/fV/yqHXEaGRoB9mGlEYmrhENy5et1vq2gzuzC83uPwBb6fHpkMYX4OL5Pg==}
    dev: false

  /@weacast/grib2json@2.2.0:
    resolution: {integrity: sha512-oWYLy7v9jAYkBbnNHZ1ncejdQHtYGlqP1SfplkNRTpivcb9OCp5JwYWWVb1rd47Nct2lIpDHIsfkpMdN6TtsMA==}
    hasBin: true
    requiresBuild: true
    dependencies:
      commander: 2.20.3
      fs-extra: 10.1.0
    dev: true

  /commander@2.20.3:
    resolution: {integrity: sha512-GpVkmM8vF2vQUkj2LvZmD35JxeJOLCwJ9cUkugyk2nuhbv3+mJvpLYYt+0+USMxE+oj+ey/lJEnhZw75x/OMcQ==}
    dev: true

  /dat.gui@0.7.9:
    resolution: {integrity: sha512-sCNc1OHobc+Erc1HqiswYgHdVNpSJUlk/Hz8vzOCsER7rl+oF/4+v8GXFUyCgtXpoCX6+bnmg07DedLvBLwYKQ==}
    dev: false

  /fs-extra@10.1.0:
    resolution: {integrity: sha512-oRXApq54ETRj4eMiFzGnHWGy+zo5raudjuxN0b8H7s/RU2oW0Wvsx9O0ACRN/kRq9E8Vu/ReskGB5o3ji+FzHQ==}
    engines: {node: '>=12'}
    dependencies:
      graceful-fs: 4.2.11
      jsonfile: 6.1.0
      universalify: 2.0.1
    dev: true

  /graceful-fs@4.2.11:
    resolution: {integrity: sha512-RbJ5/jmFcNNCcDV5o9eTnBLJ/HszWV0P73bc+Ff4nS/rJj+YaS6IGyiOL0VoBYX+l1Wrl3k63h/KrH+nhJ0XvQ==}
    dev: true

  /jsonfile@6.1.0:
    resolution: {integrity: sha512-5dgndWOriYSm5cnYaJNhalLNDKOqFwyDB/rr1E9ZsGciGvKPs8R2xYGCacuf3z6K1YKDz182fd+fY3cn3pMqXQ==}
    dependencies:
      universalify: 2.0.1
    optionalDependencies:
      graceful-fs: 4.2.11
    dev: true

  /three@0.161.0:
    resolution: {integrity: sha512-LC28VFtjbOyEu5b93K0bNRLw1rQlMJ85lilKsYj6dgTu+7i17W+JCCEbvrpmNHF1F3NAUqDSWq50UD7w9H2xQw==}
    dev: false

  /universalify@2.0.1:
    resolution: {integrity: sha512-gptHNQghINnc/vTGIk0SOFGFNXw7JVrlRUtConJRlvaw6DuX0wO5Jeko9sWrMBhh+PsYAZ7oXAiOnf/UKogyiw==}
    engines: {node: '>= 10.0.0'}
    dev: true
